
Microsoft Visual Studio Solution File, Format Version 12.00
# Visual Studio Version 17
VisualStudioVersion = 17.13.35931.197 d17.13
MinimumVisualStudioVersion = 10.0.40219.1
Project("{FAE04EC0-301F-11D3-BF4B-00C04F79EFBC}") = "Bank Account Management System (Hard)", "Bank Account Management System (Hard)\Bank Account Management System (Hard).csproj", "{21D94259-3307-41D2-AC1E-24A13A280330}"
EndProject
Global
	GlobalSection(SolutionConfigurationPlatforms) = preSolution
		Debug|Any CPU = Debug|Any CPU
		Release|Any CPU = Release|Any CPU
	EndGlobalSection
	GlobalSection(ProjectConfigurationPlatforms) = postSolution
		{21D94259-3307-41D2-AC1E-24A13A280330}.Debug|Any CPU.ActiveCfg = Debug|Any CPU
		{21D94259-3307-41D2-AC1E-24A13A280330}.Debug|Any CPU.Build.0 = Debug|Any CPU
		{21D94259-3307-41D2-AC1E-24A13A280330}.Release|Any CPU.ActiveCfg = Release|Any CPU
		{21D94259-3307-41D2-AC1E-24A13A280330}.Release|Any CPU.Build.0 = Release|Any CPU
	EndGlobalSection
	GlobalSection(SolutionProperties) = preSolution
		HideSolutionNode = FALSE
	EndGlobalSection
	GlobalSection(ExtensibilityGlobals) = postSolution
		SolutionGuid = {850E70DE-381B-4588-84CC-00D778B4129C}
	EndGlobalSection
EndGlobal
